
Microsoft Visual Studio Solution File, Format Version 11.00
# Visual Studio 2010
Project("{F184B08F-C81C-45F6-A57F-5ABD9991F28F}") = "VBSample", "VBSample\VBSample.vbproj", "{A9CE3CE3-B585-45BC-B308-B9200E8C702F}"
EndProject
Global
	GlobalSection(SolutionConfigurationPlatforms) = preSolution
		Debug|x86 = Debug|x86
		Release|x86 = Release|x86
	EndGlobalSection
	GlobalSection(ProjectConfigurationPlatforms) = postSolution
		{A9CE3CE3-B585-45BC-B308-B9200E8C702F}.Debug|x86.ActiveCfg = Debug|x86
		{A9CE3CE3-B585-45BC-B308-B9200E8C702F}.Debug|x86.Build.0 = Debug|x86
		{A9CE3CE3-B585-45BC-B308-B9200E8C702F}.Release|x86.ActiveCfg = Release|x86
		{A9CE3CE3-B585-45BC-B308-B9200E8C702F}.Release|x86.Build.0 = Release|x86
	EndGlobalSection
	GlobalSection(SolutionProperties) = preSolution
		HideSolutionNode = FALSE
	EndGlobalSection
EndGlobal
